// !$*UTF8*$!
{
	archiveVersion = 1;
	classes = {
	};
	objectVersion = 46;
	objects = {

/* Begin PBXBuildFile section */
		C623E2951B05C36400B97F77 /* CharacterizationContext.cpp in Sources */ = {isa = PBXBuildFile; fileRef = C623E2931B05C36400B97F77 /* CharacterizationContext.cpp */; };
		C623E2961B05C36400B97F77 /* CharacterizationContext.cpp in Sources */ = {isa = PBXBuildFile; fileRef = C623E2931B05C36400B97F77 /* CharacterizationContext.cpp */; };
		C623E2A11B07164D00B97F77 /* HistogramView.mm in Sources */ = {isa = PBXBuildFile; fileRef = C623E2A01B07164D00B97F77 /* HistogramView.mm */; };
		C661E1E71AF9D85C0032C009 /* SearchMix.cpp in Sources */ = {isa = PBXBuildFile; fileRef = C661E1E51AF9D85C0032C009 /* SearchMix.cpp */; };
		C661E1E81AF9D85C0032C009 /* SearchMix.cpp in Sources */ = {isa = PBXBuildFile; fileRef = C661E1E51AF9D85C0032C009 /* SearchMix.cpp */; };
		C67CCF531AFC8C9200D89F67 /* test_iter.c in Sources */ = {isa = PBXBuildFile; fileRef = C67CCF521AFC8C9200D89F67 /* test_iter.c */; };
		C67CCF541AFC8C9200D89F67 /* test_iter.c in Sources */ = {isa = PBXBuildFile; fileRef = C67CCF521AFC8C9200D89F67 /* test_iter.c */; };
		C67CCF871AFF078F00D89F67 /* Main.storyboard in Resources */ = {isa = PBXBuildFile; fileRef = C67CCF861AFF078F00D89F67 /* Main.storyboard */; };
		C67CCF8B1AFF083700D89F67 /* FugacityCalculator.mm in Sources */ = {isa = PBXBuildFile; fileRef = C67CCF891AFF083700D89F67 /* FugacityCalculator.mm */; };
		C67CCF901AFF0B0800D89F67 /* CharacterizeMeltInclusion.mm in Sources */ = {isa = PBXBuildFile; fileRef = C67CCF8E1AFF0B0800D89F67 /* CharacterizeMeltInclusion.mm */; };
		C67CCFBF1AFFD72400D89F67 /* MonteCarlo.cpp in Sources */ = {isa = PBXBuildFile; fileRef = C67CCFBD1AFFD72400D89F67 /* MonteCarlo.cpp */; };
		C67CCFC01AFFD72400D89F67 /* MonteCarlo.cpp in Sources */ = {isa = PBXBuildFile; fileRef = C67CCFBD1AFFD72400D89F67 /* MonteCarlo.cpp */; };
		C67CCFC21AFFD91F00D89F67 /* TestMonteCarlo.mm in Sources */ = {isa = PBXBuildFile; fileRef = C67CCFC11AFFD91F00D89F67 /* TestMonteCarlo.mm */; };
		C67CCFC51B004E4000D89F67 /* Histogram.cpp in Sources */ = {isa = PBXBuildFile; fileRef = C67CCFC31B004E4000D89F67 /* Histogram.cpp */; };
		C67CCFC61B004E4000D89F67 /* Histogram.cpp in Sources */ = {isa = PBXBuildFile; fileRef = C67CCFC31B004E4000D89F67 /* Histogram.cpp */; };
		C67CCFF91B006CB400D89F67 /* CorePlot.framework in Frameworks */ = {isa = PBXBuildFile; fileRef = C67CCFEF1B006C4D00D89F67 /* CorePlot.framework */; };
		C67CCFFA1B006CB400D89F67 /* CorePlot.framework in Embed Frameworks */ = {isa = PBXBuildFile; fileRef = C67CCFEF1B006C4D00D89F67 /* CorePlot.framework */; settings = {ATTRIBUTES = (CodeSignOnCopy, RemoveHeadersOnCopy, ); }; };
		C67DB2581AEC5B670063D933 /* AppDelegate.mm in Sources */ = {isa = PBXBuildFile; fileRef = C67DB2571AEC5B670063D933 /* AppDelegate.mm */; };
		C67DB25A1AEC5B670063D933 /* main.m in Sources */ = {isa = PBXBuildFile; fileRef = C67DB2591AEC5B670063D933 /* main.m */; };
		C67DB25C1AEC5B670063D933 /* Images.xcassets in Resources */ = {isa = PBXBuildFile; fileRef = C67DB25B1AEC5B670063D933 /* Images.xcassets */; };
		C67DB26B1AEC5B680063D933 /* KaylaTests.mm in Sources */ = {isa = PBXBuildFile; fileRef = C67DB26A1AEC5B680063D933 /* KaylaTests.mm */; };
		C67DB2771AEC5BBC0063D933 /* RedlichKwong.cpp in Sources */ = {isa = PBXBuildFile; fileRef = C67DB2751AEC5BBC0063D933 /* RedlichKwong.cpp */; };
		C67DB2781AEC696B0063D933 /* RedlichKwong.cpp in Sources */ = {isa = PBXBuildFile; fileRef = C67DB2751AEC5BBC0063D933 /* RedlichKwong.cpp */; };
		C67DB27C1AEC764F0063D933 /* EquilibriumConstantOfFormation.cpp in Sources */ = {isa = PBXBuildFile; fileRef = C67DB27A1AEC764F0063D933 /* EquilibriumConstantOfFormation.cpp */; };
		C67DB27D1AEC7ECA0063D933 /* EquilibriumConstantOfFormation.cpp in Sources */ = {isa = PBXBuildFile; fileRef = C67DB27A1AEC764F0063D933 /* EquilibriumConstantOfFormation.cpp */; };
		C67DB2811AEC82EF0063D933 /* Model.cpp in Sources */ = {isa = PBXBuildFile; fileRef = C67DB27F1AEC82EF0063D933 /* Model.cpp */; };
		C67DB2821AEC82EF0063D933 /* Model.cpp in Sources */ = {isa = PBXBuildFile; fileRef = C67DB27F1AEC82EF0063D933 /* Model.cpp */; };
		C67DB2851AEC82FC0063D933 /* MeltInclusion.cpp in Sources */ = {isa = PBXBuildFile; fileRef = C67DB2831AEC82FC0063D933 /* MeltInclusion.cpp */; };
		C67DB2861AEC82FC0063D933 /* MeltInclusion.cpp in Sources */ = {isa = PBXBuildFile; fileRef = C67DB2831AEC82FC0063D933 /* MeltInclusion.cpp */; };
		C6A299351B0D762300546A2B /* SensitivityContext.cpp in Sources */ = {isa = PBXBuildFile; fileRef = C6A299331B0D762300546A2B /* SensitivityContext.cpp */; };
		C6A2993E1B0D793F00546A2B /* SensitivityContext.cpp in Sources */ = {isa = PBXBuildFile; fileRef = C6A299331B0D762300546A2B /* SensitivityContext.cpp */; };
		C6A299411B12E50B00546A2B /* SensitivityAnalysisController.mm in Sources */ = {isa = PBXBuildFile; fileRef = C6A299401B12E50B00546A2B /* SensitivityAnalysisController.mm */; };
		C6A299441B12F10700546A2B /* Region.mm in Sources */ = {isa = PBXBuildFile; fileRef = C6A299431B12F10700546A2B /* Region.mm */; };
/* End PBXBuildFile section */

/* Begin PBXContainerItemProxy section */
		A48EB3181B01A9FC003B3122 /* PBXContainerItemProxy */ = {
			isa = PBXContainerItemProxy;
			containerPortal = C67CCFE81B006C4D00D89F67 /* CorePlot.xcodeproj */;
			proxyType = 2;
			remoteGlobalIDString = C38A09781A46185200D45436;
			remoteInfo = CorePlot_iOS;
		};
		A48EB31A1B01A9FC003B3122 /* PBXContainerItemProxy */ = {
			isa = PBXContainerItemProxy;
			containerPortal = C67CCFE81B006C4D00D89F67 /* CorePlot.xcodeproj */;
			proxyType = 2;
			remoteGlobalIDString = C38A09821A46185300D45436;
			remoteInfo = CorePlot_iOSTests;
		};
		A48EB31C1B01A9FC003B3122 /* PBXContainerItemProxy */ = {
			isa = PBXContainerItemProxy;
			containerPortal = C67CCFE81B006C4D00D89F67 /* CorePlot.xcodeproj */;
			proxyType = 2;
			remoteGlobalIDString = C38A09BA1A4619A900D45436;
			remoteInfo = "CorePlot-CocoaTouch";
		};
		A48EB31E1B01A9FC003B3122 /* PBXContainerItemProxy */ = {
			isa = PBXContainerItemProxy;
			containerPortal = C67CCFE81B006C4D00D89F67 /* CorePlot.xcodeproj */;
			proxyType = 2;
			remoteGlobalIDString = C38A09C41A4619A900D45436;
			remoteInfo = "CorePlot-CocoaTouchTests";
		};
		C67CCFEE1B006C4D00D89F67 /* PBXContainerItemProxy */ = {
			isa = PBXContainerItemProxy;
			containerPortal = C67CCFE81B006C4D00D89F67 /* CorePlot.xcodeproj */;
			proxyType = 2;
			remoteGlobalIDString = 8DC2EF5B0486A6940098B216;
			remoteInfo = CorePlot;
		};
		C67CCFF01B006C4D00D89F67 /* PBXContainerItemProxy */ = {
			isa = PBXContainerItemProxy;
			containerPortal = C67CCFE81B006C4D00D89F67 /* CorePlot.xcodeproj */;
			proxyType = 2;
			remoteGlobalIDString = 0730F600109492D800E95162;
			remoteInfo = UnitTests;
		};
		C67CCFFB1B006CB400D89F67 /* PBXContainerItemProxy */ = {
			isa = PBXContainerItemProxy;
			containerPortal = C67CCFE81B006C4D00D89F67 /* CorePlot.xcodeproj */;
			proxyType = 1;
			remoteGlobalIDString = 8DC2EF4F0486A6940098B216;
			remoteInfo = CorePlot;
		};
/* End PBXContainerItemProxy section */

/* Begin PBXCopyFilesBuildPhase section */
		C67CCFFD1B006CB400D89F67 /* Embed Frameworks */ = {
			isa = PBXCopyFilesBuildPhase;
			buildActionMask = 2147483647;
			dstPath = "";
			dstSubfolderSpec = 10;
			files = (
				C67CCFFA1B006CB400D89F67 /* CorePlot.framework in Embed Frameworks */,
			);
			name = "Embed Frameworks";
			runOnlyForDeploymentPostprocessing = 0;
		};
/* End PBXCopyFilesBuildPhase section */

/* Begin PBXFileReference section */
		C623E2931B05C36400B97F77 /* CharacterizationContext.cpp */ = {isa = PBXFileReference; fileEncoding = 4; lastKnownFileType = sourcecode.cpp.cpp; path = CharacterizationContext.cpp; sourceTree = "<group>"; };
		C623E2941B05C36400B97F77 /* CharacterizationContext.h */ = {isa = PBXFileReference; fileEncoding = 4; lastKnownFileType = sourcecode.c.h; path = CharacterizationContext.h; sourceTree = "<group>"; };
		C623E29F1B07164D00B97F77 /* HistogramView.h */ = {isa = PBXFileReference; fileEncoding = 4; lastKnownFileType = sourcecode.c.h; path = HistogramView.h; sourceTree = "<group>"; };
		C623E2A01B07164D00B97F77 /* HistogramView.mm */ = {isa = PBXFileReference; fileEncoding = 4; lastKnownFileType = sourcecode.cpp.objcpp; path = HistogramView.mm; sourceTree = "<group>"; };
		C661E1E51AF9D85C0032C009 /* SearchMix.cpp */ = {isa = PBXFileReference; fileEncoding = 4; lastKnownFileType = sourcecode.cpp.cpp; path = SearchMix.cpp; sourceTree = "<group>"; };
		C661E1E61AF9D85C0032C009 /* SearchMix.h */ = {isa = PBXFileReference; fileEncoding = 4; lastKnownFileType = sourcecode.c.h; path = SearchMix.h; sourceTree = "<group>"; };
		C67CCF521AFC8C9200D89F67 /* test_iter.c */ = {isa = PBXFileReference; fileEncoding = 4; lastKnownFileType = sourcecode.c.c; path = test_iter.c; sourceTree = "<group>"; };
		C67CCF861AFF078F00D89F67 /* Main.storyboard */ = {isa = PBXFileReference; fileEncoding = 4; lastKnownFileType = file.storyboard; path = Main.storyboard; sourceTree = "<group>"; };
		C67CCF881AFF083700D89F67 /* FugacityCalculator.h */ = {isa = PBXFileReference; fileEncoding = 4; lastKnownFileType = sourcecode.c.h; path = FugacityCalculator.h; sourceTree = "<group>"; };
		C67CCF891AFF083700D89F67 /* FugacityCalculator.mm */ = {isa = PBXFileReference; fileEncoding = 4; lastKnownFileType = sourcecode.cpp.objcpp; path = FugacityCalculator.mm; sourceTree = "<group>"; };
		C67CCF8D1AFF0B0800D89F67 /* CharacterizeMeltInclusion.h */ = {isa = PBXFileReference; fileEncoding = 4; lastKnownFileType = sourcecode.c.h; path = CharacterizeMeltInclusion.h; sourceTree = "<group>"; };
		C67CCF8E1AFF0B0800D89F67 /* CharacterizeMeltInclusion.mm */ = {isa = PBXFileReference; fileEncoding = 4; lastKnownFileType = sourcecode.cpp.objcpp; path = CharacterizeMeltInclusion.mm; sourceTree = "<group>"; };
		C67CCFBD1AFFD72400D89F67 /* MonteCarlo.cpp */ = {isa = PBXFileReference; fileEncoding = 4; lastKnownFileType = sourcecode.cpp.cpp; path = MonteCarlo.cpp; sourceTree = "<group>"; };
		C67CCFBE1AFFD72400D89F67 /* MonteCarlo.h */ = {isa = PBXFileReference; fileEncoding = 4; lastKnownFileType = sourcecode.c.h; path = MonteCarlo.h; sourceTree = "<group>"; };
		C67CCFC11AFFD91F00D89F67 /* TestMonteCarlo.mm */ = {isa = PBXFileReference; fileEncoding = 4; lastKnownFileType = sourcecode.cpp.objcpp; path = TestMonteCarlo.mm; sourceTree = "<group>"; };
		C67CCFC31B004E4000D89F67 /* Histogram.cpp */ = {isa = PBXFileReference; fileEncoding = 4; lastKnownFileType = sourcecode.cpp.cpp; path = Histogram.cpp; sourceTree = "<group>"; };
		C67CCFC41B004E4000D89F67 /* Histogram.h */ = {isa = PBXFileReference; fileEncoding = 4; lastKnownFileType = sourcecode.c.h; path = Histogram.h; sourceTree = "<group>"; };
		C67CCFE81B006C4D00D89F67 /* CorePlot.xcodeproj */ = {isa = PBXFileReference; lastKnownFileType = "wrapper.pb-project"; name = CorePlot.xcodeproj; path = "lib/core-plot/framework/CorePlot.xcodeproj"; sourceTree = "<group>"; };
		C67DB2511AEC5B670063D933 /* Iacovino.app */ = {isa = PBXFileReference; explicitFileType = wrapper.application; includeInIndex = 0; path = Iacovino.app; sourceTree = BUILT_PRODUCTS_DIR; };
		C67DB2551AEC5B670063D933 /* Info.plist */ = {isa = PBXFileReference; lastKnownFileType = text.plist.xml; path = Info.plist; sourceTree = "<group>"; };
		C67DB2561AEC5B670063D933 /* AppDelegate.h */ = {isa = PBXFileReference; lastKnownFileType = sourcecode.c.h; path = AppDelegate.h; sourceTree = "<group>"; };
		C67DB2571AEC5B670063D933 /* AppDelegate.mm */ = {isa = PBXFileReference; lastKnownFileType = sourcecode.cpp.objcpp; path = AppDelegate.mm; sourceTree = "<group>"; };
		C67DB2591AEC5B670063D933 /* main.m */ = {isa = PBXFileReference; lastKnownFileType = sourcecode.c.objc; path = main.m; sourceTree = "<group>"; };
		C67DB25B1AEC5B670063D933 /* Images.xcassets */ = {isa = PBXFileReference; lastKnownFileType = folder.assetcatalog; path = Images.xcassets; sourceTree = "<group>"; };
		C67DB2641AEC5B680063D933 /* IacovinoTests.xctest */ = {isa = PBXFileReference; explicitFileType = wrapper.cfbundle; includeInIndex = 0; path = IacovinoTests.xctest; sourceTree = BUILT_PRODUCTS_DIR; };
		C67DB2691AEC5B680063D933 /* Info.plist */ = {isa = PBXFileReference; lastKnownFileType = text.plist.xml; path = Info.plist; sourceTree = "<group>"; };
		C67DB26A1AEC5B680063D933 /* KaylaTests.mm */ = {isa = PBXFileReference; lastKnownFileType = sourcecode.cpp.objcpp; path = KaylaTests.mm; sourceTree = "<group>"; wrapsLines = 0; };
		C67DB2751AEC5BBC0063D933 /* RedlichKwong.cpp */ = {isa = PBXFileReference; fileEncoding = 4; lastKnownFileType = sourcecode.cpp.cpp; path = RedlichKwong.cpp; sourceTree = "<group>"; };
		C67DB2761AEC5BBC0063D933 /* RedlichKwong.h */ = {isa = PBXFileReference; fileEncoding = 4; lastKnownFileType = sourcecode.c.h; path = RedlichKwong.h; sourceTree = "<group>"; };
		C67DB27A1AEC764F0063D933 /* EquilibriumConstantOfFormation.cpp */ = {isa = PBXFileReference; fileEncoding = 4; lastKnownFileType = sourcecode.cpp.cpp; path = EquilibriumConstantOfFormation.cpp; sourceTree = "<group>"; };
		C67DB27B1AEC764F0063D933 /* EquilibriumConstantOfFormation.h */ = {isa = PBXFileReference; fileEncoding = 4; lastKnownFileType = sourcecode.c.h; path = EquilibriumConstantOfFormation.h; sourceTree = "<group>"; };
		C67DB27F1AEC82EF0063D933 /* Model.cpp */ = {isa = PBXFileReference; fileEncoding = 4; lastKnownFileType = sourcecode.cpp.cpp; path = Model.cpp; sourceTree = "<group>"; };
		C67DB2801AEC82EF0063D933 /* Model.h */ = {isa = PBXFileReference; fileEncoding = 4; lastKnownFileType = sourcecode.c.h; path = Model.h; sourceTree = "<group>"; };
		C67DB2831AEC82FC0063D933 /* MeltInclusion.cpp */ = {isa = PBXFileReference; fileEncoding = 4; lastKnownFileType = sourcecode.cpp.cpp; path = MeltInclusion.cpp; sourceTree = "<group>"; };
		C67DB2841AEC82FC0063D933 /* MeltInclusion.h */ = {isa = PBXFileReference; fileEncoding = 4; lastKnownFileType = sourcecode.c.h; path = MeltInclusion.h; sourceTree = "<group>"; };
		C6A299331B0D762300546A2B /* SensitivityContext.cpp */ = {isa = PBXFileReference; fileEncoding = 4; lastKnownFileType = sourcecode.cpp.cpp; path = SensitivityContext.cpp; sourceTree = "<group>"; };
		C6A299341B0D762300546A2B /* SensitivityContext.h */ = {isa = PBXFileReference; fileEncoding = 4; lastKnownFileType = sourcecode.c.h; path = SensitivityContext.h; sourceTree = "<group>"; };
		C6A2993F1B12E50B00546A2B /* SensitivityAnalysisController.h */ = {isa = PBXFileReference; fileEncoding = 4; lastKnownFileType = sourcecode.c.h; path = SensitivityAnalysisController.h; sourceTree = "<group>"; };
		C6A299401B12E50B00546A2B /* SensitivityAnalysisController.mm */ = {isa = PBXFileReference; fileEncoding = 4; lastKnownFileType = sourcecode.cpp.objcpp; path = SensitivityAnalysisController.mm; sourceTree = "<group>"; };
		C6A299421B12F10700546A2B /* Region.h */ = {isa = PBXFileReference; fileEncoding = 4; lastKnownFileType = sourcecode.c.h; path = Region.h; sourceTree = "<group>"; };
		C6A299431B12F10700546A2B /* Region.mm */ = {isa = PBXFileReference; fileEncoding = 4; lastKnownFileType = sourcecode.cpp.objcpp; path = Region.mm; sourceTree = "<group>"; };
/* End PBXFileReference section */

/* Begin PBXFrameworksBuildPhase section */
		C67DB24E1AEC5B670063D933 /* Frameworks */ = {
			isa = PBXFrameworksBuildPhase;
			buildActionMask = 2147483647;
			files = (
				C67CCFF91B006CB400D89F67 /* CorePlot.framework in Frameworks */,
			);
			runOnlyForDeploymentPostprocessing = 0;
		};
		C67DB2611AEC5B680063D933 /* Frameworks */ = {
			isa = PBXFrameworksBuildPhase;
			buildActionMask = 2147483647;
			files = (
			);
			runOnlyForDeploymentPostprocessing = 0;
		};
/* End PBXFrameworksBuildPhase section */

/* Begin PBXGroup section */
		C67CCFE91B006C4D00D89F67 /* Products */ = {
			isa = PBXGroup;
			children = (
				C67CCFEF1B006C4D00D89F67 /* CorePlot.framework */,
				C67CCFF11B006C4D00D89F67 /* UnitTests.xctest */,
				A48EB3191B01A9FC003B3122 /* CorePlot_iOS.framework */,
				A48EB31B1B01A9FC003B3122 /* CorePlot_iOSTests.xctest */,
				A48EB31D1B01A9FC003B3122 /* libCorePlot-CocoaTouch.a */,
				A48EB31F1B01A9FC003B3122 /* CorePlot-CocoaTouchTests.xctest */,
			);
			name = Products;
			sourceTree = "<group>";
		};
		C67DB2481AEC5B670063D933 = {
			isa = PBXGroup;
			children = (
				C67DB2531AEC5B670063D933 /* Iacovino */,
				C67CCFE81B006C4D00D89F67 /* CorePlot.xcodeproj */,
				C67DB2671AEC5B680063D933 /* KaylaTests */,
				C67DB2521AEC5B670063D933 /* Products */,
			);
			sourceTree = "<group>";
		};
		C67DB2521AEC5B670063D933 /* Products */ = {
			isa = PBXGroup;
			children = (
				C67DB2511AEC5B670063D933 /* Iacovino.app */,
				C67DB2641AEC5B680063D933 /* IacovinoTests.xctest */,
			);
			name = Products;
			sourceTree = "<group>";
		};
		C67DB2531AEC5B670063D933 /* Iacovino */ = {
			isa = PBXGroup;
			children = (
				C67DB2561AEC5B670063D933 /* AppDelegate.h */,
				C67DB2571AEC5B670063D933 /* AppDelegate.mm */,
				C67DB25B1AEC5B670063D933 /* Images.xcassets */,
				C67CCF861AFF078F00D89F67 /* Main.storyboard */,
				C67CCF881AFF083700D89F67 /* FugacityCalculator.h */,
				C67CCF891AFF083700D89F67 /* FugacityCalculator.mm */,
				C623E29F1B07164D00B97F77 /* HistogramView.h */,
				C623E2A01B07164D00B97F77 /* HistogramView.mm */,
				C67CCF8D1AFF0B0800D89F67 /* CharacterizeMeltInclusion.h */,
				C67CCF8E1AFF0B0800D89F67 /* CharacterizeMeltInclusion.mm */,
				C623E2941B05C36400B97F77 /* CharacterizationContext.h */,
				C623E2931B05C36400B97F77 /* CharacterizationContext.cpp */,
				C6A2993F1B12E50B00546A2B /* SensitivityAnalysisController.h */,
				C6A299401B12E50B00546A2B /* SensitivityAnalysisController.mm */,
				C6A299421B12F10700546A2B /* Region.h */,
				C6A299431B12F10700546A2B /* Region.mm */,
				C6A299341B0D762300546A2B /* SensitivityContext.h */,
				C6A299331B0D762300546A2B /* SensitivityContext.cpp */,
				C67CCFBE1AFFD72400D89F67 /* MonteCarlo.h */,
				C67CCFBD1AFFD72400D89F67 /* MonteCarlo.cpp */,
				C67CCFC41B004E4000D89F67 /* Histogram.h */,
				C67CCFC31B004E4000D89F67 /* Histogram.cpp */,
				C67CCF521AFC8C9200D89F67 /* test_iter.c */,
				C67DB27E1AEC82DF0063D933 /* Model */,
				C67DB2791AEC760C0063D933 /* ThermodynamicProperties */,
				C67DB2741AEC5B990063D933 /* EquationsOfState */,
				C67DB2541AEC5B670063D933 /* Supporting Files */,
			);
			path = Iacovino;
			sourceTree = "<group>";
		};
		C67DB2541AEC5B670063D933 /* Supporting Files */ = {
			isa = PBXGroup;
			children = (
				C67DB2551AEC5B670063D933 /* Info.plist */,
				C67DB2591AEC5B670063D933 /* main.m */,
			);
			name = "Supporting Files";
			sourceTree = "<group>";
		};
		C67DB2671AEC5B680063D933 /* KaylaTests */ = {
			isa = PBXGroup;
			children = (
				C67DB26A1AEC5B680063D933 /* KaylaTests.mm */,
				C67CCFC11AFFD91F00D89F67 /* TestMonteCarlo.mm */,
				C67DB2681AEC5B680063D933 /* Supporting Files */,
			);
			name = KaylaTests;
			path = IacovinoTests;
			sourceTree = "<group>";
		};
		C67DB2681AEC5B680063D933 /* Supporting Files */ = {
			isa = PBXGroup;
			children = (
				C67DB2691AEC5B680063D933 /* Info.plist */,
			);
			name = "Supporting Files";
			sourceTree = "<group>";
		};
		C67DB2741AEC5B990063D933 /* EquationsOfState */ = {
			isa = PBXGroup;
			children = (
				C67DB2761AEC5BBC0063D933 /* RedlichKwong.h */,
				C67DB2751AEC5BBC0063D933 /* RedlichKwong.cpp */,
			);
			path = EquationsOfState;
			sourceTree = "<group>";
		};
		C67DB2791AEC760C0063D933 /* ThermodynamicProperties */ = {
			isa = PBXGroup;
			children = (
				C67DB27B1AEC764F0063D933 /* EquilibriumConstantOfFormation.h */,
				C67DB27A1AEC764F0063D933 /* EquilibriumConstantOfFormation.cpp */,
			);
			path = ThermodynamicProperties;
			sourceTree = "<group>";
		};
		C67DB27E1AEC82DF0063D933 /* Model */ = {
			isa = PBXGroup;
			children = (
				C67DB2801AEC82EF0063D933 /* Model.h */,
				C67DB27F1AEC82EF0063D933 /* Model.cpp */,
				C661E1E61AF9D85C0032C009 /* SearchMix.h */,
				C661E1E51AF9D85C0032C009 /* SearchMix.cpp */,
				C67DB2841AEC82FC0063D933 /* MeltInclusion.h */,
				C67DB2831AEC82FC0063D933 /* MeltInclusion.cpp */,
			);
			path = Model;
			sourceTree = "<group>";
		};
/* End PBXGroup section */

/* Begin PBXNativeTarget section */
		C67DB2501AEC5B670063D933 /* Iacovino */ = {
			isa = PBXNativeTarget;
			buildConfigurationList = C67DB26E1AEC5B680063D933 /* Build configuration list for PBXNativeTarget "Iacovino" */;
			buildPhases = (
				C67DB24D1AEC5B670063D933 /* Sources */,
				C67DB24E1AEC5B670063D933 /* Frameworks */,
				C67DB24F1AEC5B670063D933 /* Resources */,
				C67CCFFD1B006CB400D89F67 /* Embed Frameworks */,
			);
			buildRules = (
			);
			dependencies = (
				C67CCFFC1B006CB400D89F67 /* PBXTargetDependency */,
			);
			name = Iacovino;
			productName = Kayla;
			productReference = C67DB2511AEC5B670063D933 /* Iacovino.app */;
			productType = "com.apple.product-type.application";
		};
		C67DB2631AEC5B680063D933 /* IacovinoTests */ = {
			isa = PBXNativeTarget;
			buildConfigurationList = C67DB2711AEC5B680063D933 /* Build configuration list for PBXNativeTarget "IacovinoTests" */;
			buildPhases = (
				C67DB2601AEC5B680063D933 /* Sources */,
				C67DB2611AEC5B680063D933 /* Frameworks */,
				C67DB2621AEC5B680063D933 /* Resources */,
			);
			buildRules = (
			);
			dependencies = (
			);
			name = IacovinoTests;
			productName = KaylaTests;
			productReference = C67DB2641AEC5B680063D933 /* IacovinoTests.xctest */;
			productType = "com.apple.product-type.bundle.unit-test";
		};
/* End PBXNativeTarget section */

/* Begin PBXProject section */
		C67DB2491AEC5B670063D933 /* Project object */ = {
			isa = PBXProject;
			attributes = {
				LastUpgradeCheck = 0630;
				ORGANIZATIONNAME = "Latency: Zero";
				TargetAttributes = {
					C67DB2501AEC5B670063D933 = {
						CreatedOnToolsVersion = 6.3.1;
					};
					C67DB2631AEC5B680063D933 = {
						CreatedOnToolsVersion = 6.3.1;
						TestTargetID = C67DB2501AEC5B670063D933;
					};
				};
			};
			buildConfigurationList = C67DB24C1AEC5B670063D933 /* Build configuration list for PBXProject "Iacovino" */;
			compatibilityVersion = "Xcode 3.2";
			developmentRegion = English;
			hasScannedForEncodings = 0;
			knownRegions = (
				en,
				Base,
			);
			mainGroup = C67DB2481AEC5B670063D933;
			productRefGroup = C67DB2521AEC5B670063D933 /* Products */;
			projectDirPath = "";
			projectReferences = (
				{
					ProductGroup = C67CCFE91B006C4D00D89F67 /* Products */;
					ProjectRef = C67CCFE81B006C4D00D89F67 /* CorePlot.xcodeproj */;
				},
			);
			projectRoot = "";
			targets = (
				C67DB2501AEC5B670063D933 /* Iacovino */,
				C67DB2631AEC5B680063D933 /* IacovinoTests */,
			);
		};
/* End PBXProject section */

/* Begin PBXReferenceProxy section */
		A48EB3191B01A9FC003B3122 /* CorePlot_iOS.framework */ = {
			isa = PBXReferenceProxy;
			fileType = wrapper.framework;
			path = CorePlot_iOS.framework;
			remoteRef = A48EB3181B01A9FC003B3122 /* PBXContainerItemProxy */;
			sourceTree = BUILT_PRODUCTS_DIR;
		};
		A48EB31B1B01A9FC003B3122 /* CorePlot_iOSTests.xctest */ = {
			isa = PBXReferenceProxy;
			fileType = wrapper.cfbundle;
			path = CorePlot_iOSTests.xctest;
			remoteRef = A48EB31A1B01A9FC003B3122 /* PBXContainerItemProxy */;
			sourceTree = BUILT_PRODUCTS_DIR;
		};
		A48EB31D1B01A9FC003B3122 /* libCorePlot-CocoaTouch.a */ = {
			isa = PBXReferenceProxy;
			fileType = archive.ar;
			path = "libCorePlot-CocoaTouch.a";
			remoteRef = A48EB31C1B01A9FC003B3122 /* PBXContainerItemProxy */;
			sourceTree = BUILT_PRODUCTS_DIR;
		};
		A48EB31F1B01A9FC003B3122 /* CorePlot-CocoaTouchTests.xctest */ = {
			isa = PBXReferenceProxy;
			fileType = wrapper.cfbundle;
			path = "CorePlot-CocoaTouchTests.xctest";
			remoteRef = A48EB31E1B01A9FC003B3122 /* PBXContainerItemProxy */;
			sourceTree = BUILT_PRODUCTS_DIR;
		};
		C67CCFEF1B006C4D00D89F67 /* CorePlot.framework */ = {
			isa = PBXReferenceProxy;
			fileType = wrapper.framework;
			path = CorePlot.framework;
			remoteRef = C67CCFEE1B006C4D00D89F67 /* PBXContainerItemProxy */;
			sourceTree = BUILT_PRODUCTS_DIR;
		};
		C67CCFF11B006C4D00D89F67 /* UnitTests.xctest */ = {
			isa = PBXReferenceProxy;
			fileType = wrapper.cfbundle;
			path = UnitTests.xctest;
			remoteRef = C67CCFF01B006C4D00D89F67 /* PBXContainerItemProxy */;
			sourceTree = BUILT_PRODUCTS_DIR;
		};
/* End PBXReferenceProxy section */

/* Begin PBXResourcesBuildPhase section */
		C67DB24F1AEC5B670063D933 /* Resources */ = {
			isa = PBXResourcesBuildPhase;
			buildActionMask = 2147483647;
			files = (
				C67CCF871AFF078F00D89F67 /* Main.storyboard in Resources */,
				C67DB25C1AEC5B670063D933 /* Images.xcassets in Resources */,
			);
			runOnlyForDeploymentPostprocessing = 0;
		};
		C67DB2621AEC5B680063D933 /* Resources */ = {
			isa = PBXResourcesBuildPhase;
			buildActionMask = 2147483647;
			files = (
			);
			runOnlyForDeploymentPostprocessing = 0;
		};
/* End PBXResourcesBuildPhase section */

/* Begin PBXSourcesBuildPhase section */
		C67DB24D1AEC5B670063D933 /* Sources */ = {
			isa = PBXSourcesBuildPhase;
			buildActionMask = 2147483647;
			files = (
				C6A299441B12F10700546A2B /* Region.mm in Sources */,
				C67CCFC51B004E4000D89F67 /* Histogram.cpp in Sources */,
				C67DB25A1AEC5B670063D933 /* main.m in Sources */,
				C67CCF901AFF0B0800D89F67 /* CharacterizeMeltInclusion.mm in Sources */,
				C661E1E71AF9D85C0032C009 /* SearchMix.cpp in Sources */,
				C6A299351B0D762300546A2B /* SensitivityContext.cpp in Sources */,
				C67CCFBF1AFFD72400D89F67 /* MonteCarlo.cpp in Sources */,
				C67DB27C1AEC764F0063D933 /* EquilibriumConstantOfFormation.cpp in Sources */,
				C67DB2811AEC82EF0063D933 /* Model.cpp in Sources */,
				C67DB2581AEC5B670063D933 /* AppDelegate.mm in Sources */,
				C67DB2851AEC82FC0063D933 /* MeltInclusion.cpp in Sources */,
				C67DB2771AEC5BBC0063D933 /* RedlichKwong.cpp in Sources */,
				C623E2951B05C36400B97F77 /* CharacterizationContext.cpp in Sources */,
				C623E2A11B07164D00B97F77 /* HistogramView.mm in Sources */,
				C6A299411B12E50B00546A2B /* SensitivityAnalysisController.mm in Sources */,
				C67CCF8B1AFF083700D89F67 /* FugacityCalculator.mm in Sources */,
				C67CCF531AFC8C9200D89F67 /* test_iter.c in Sources */,
			);
			runOnlyForDeploymentPostprocessing = 0;
		};
		C67DB2601AEC5B680063D933 /* Sources */ = {
			isa = PBXSourcesBuildPhase;
			buildActionMask = 2147483647;
			files = (
				C67CCFC21AFFD91F00D89F67 /* TestMonteCarlo.mm in Sources */,
				C67DB2781AEC696B0063D933 /* RedlichKwong.cpp in Sources */,
				C67DB26B1AEC5B680063D933 /* KaylaTests.mm in Sources */,
				C661E1E81AF9D85C0032C009 /* SearchMix.cpp in Sources */,
				C67CCFC01AFFD72400D89F67 /* MonteCarlo.cpp in Sources */,
				C623E2961B05C36400B97F77 /* CharacterizationContext.cpp in Sources */,
				C67DB2861AEC82FC0063D933 /* MeltInclusion.cpp in Sources */,
				C6A2993E1B0D793F00546A2B /* SensitivityContext.cpp in Sources */,
				C67CCFC61B004E4000D89F67 /* Histogram.cpp in Sources */,
				C67DB27D1AEC7ECA0063D933 /* EquilibriumConstantOfFormation.cpp in Sources */,
				C67CCF541AFC8C9200D89F67 /* test_iter.c in Sources */,
				C67DB2821AEC82EF0063D933 /* Model.cpp in Sources */,
			);
			runOnlyForDeploymentPostprocessing = 0;
		};
/* End PBXSourcesBuildPhase section */

/* Begin PBXTargetDependency section */
		C67CCFFC1B006CB400D89F67 /* PBXTargetDependency */ = {
			isa = PBXTargetDependency;
			name = CorePlot;
			targetProxy = C67CCFFB1B006CB400D89F67 /* PBXContainerItemProxy */;
		};
/* End PBXTargetDependency section */

/* Begin XCBuildConfiguration section */
		C67DB26C1AEC5B680063D933 /* Debug */ = {
			isa = XCBuildConfiguration;
			buildSettings = {
				ALWAYS_SEARCH_USER_PATHS = NO;
				CLANG_CXX_LANGUAGE_STANDARD = "gnu++0x";
				CLANG_CXX_LIBRARY = "libc++";
				CLANG_ENABLE_MODULES = YES;
				CLANG_ENABLE_OBJC_ARC = YES;
				CLANG_WARN_BOOL_CONVERSION = YES;
				CLANG_WARN_CONSTANT_CONVERSION = YES;
				CLANG_WARN_DIRECT_OBJC_ISA_USAGE = YES_ERROR;
				CLANG_WARN_EMPTY_BODY = YES;
				CLANG_WARN_ENUM_CONVERSION = YES;
				CLANG_WARN_INT_CONVERSION = YES;
				CLANG_WARN_OBJC_ROOT_CLASS = YES_ERROR;
				CLANG_WARN_UNREACHABLE_CODE = YES;
				CLANG_WARN__DUPLICATE_METHOD_MATCH = YES;
				CODE_SIGN_IDENTITY = "-";
				COPY_PHASE_STRIP = NO;
				DEBUG_INFORMATION_FORMAT = dwarf;
				ENABLE_STRICT_OBJC_MSGSEND = YES;
				GCC_C_LANGUAGE_STANDARD = gnu99;
				GCC_DYNAMIC_NO_PIC = NO;
				GCC_NO_COMMON_BLOCKS = YES;
				GCC_OPTIMIZATION_LEVEL = 0;
				GCC_PREPROCESSOR_DEFINITIONS = (
					"DEBUG=1",
					"$(inherited)",
				);
				GCC_SYMBOLS_PRIVATE_EXTERN = NO;
				GCC_WARN_64_TO_32_BIT_CONVERSION = YES;
				GCC_WARN_ABOUT_RETURN_TYPE = YES_ERROR;
				GCC_WARN_UNDECLARED_SELECTOR = YES;
				GCC_WARN_UNINITIALIZED_AUTOS = YES_AGGRESSIVE;
				GCC_WARN_UNUSED_FUNCTION = YES;
				GCC_WARN_UNUSED_VARIABLE = YES;
				MACOSX_DEPLOYMENT_TARGET = 10.10;
				MTL_ENABLE_DEBUG_INFO = YES;
				ONLY_ACTIVE_ARCH = YES;
				SDKROOT = macosx;
			};
			name = Debug;
		};
		C67DB26D1AEC5B680063D933 /* Release */ = {
			isa = XCBuildConfiguration;
			buildSettings = {
				ALWAYS_SEARCH_USER_PATHS = NO;
				CLANG_CXX_LANGUAGE_STANDARD = "gnu++0x";
				CLANG_CXX_LIBRARY = "libc++";
				CLANG_ENABLE_MODULES = YES;
				CLANG_ENABLE_OBJC_ARC = YES;
				CLANG_WARN_BOOL_CONVERSION = YES;
				CLANG_WARN_CONSTANT_CONVERSION = YES;
				CLANG_WARN_DIRECT_OBJC_ISA_USAGE = YES_ERROR;
				CLANG_WARN_EMPTY_BODY = YES;
				CLANG_WARN_ENUM_CONVERSION = YES;
				CLANG_WARN_INT_CONVERSION = YES;
				CLANG_WARN_OBJC_ROOT_CLASS = YES_ERROR;
				CLANG_WARN_UNREACHABLE_CODE = YES;
				CLANG_WARN__DUPLICATE_METHOD_MATCH = YES;
				CODE_SIGN_IDENTITY = "-";
				COPY_PHASE_STRIP = NO;
				DEBUG_INFORMATION_FORMAT = "dwarf-with-dsym";
				ENABLE_NS_ASSERTIONS = NO;
				ENABLE_STRICT_OBJC_MSGSEND = YES;
				GCC_C_LANGUAGE_STANDARD = gnu99;
				GCC_NO_COMMON_BLOCKS = YES;
				GCC_WARN_64_TO_32_BIT_CONVERSION = YES;
				GCC_WARN_ABOUT_RETURN_TYPE = YES_ERROR;
				GCC_WARN_UNDECLARED_SELECTOR = YES;
				GCC_WARN_UNINITIALIZED_AUTOS = YES_AGGRESSIVE;
				GCC_WARN_UNUSED_FUNCTION = YES;
				GCC_WARN_UNUSED_VARIABLE = YES;
				MACOSX_DEPLOYMENT_TARGET = 10.10;
				MTL_ENABLE_DEBUG_INFO = NO;
				SDKROOT = macosx;
			};
			name = Release;
		};
		C67DB26F1AEC5B680063D933 /* Debug */ = {
			isa = XCBuildConfiguration;
			buildSettings = {
				ASSETCATALOG_COMPILER_APPICON_NAME = AppIcon;
				COMBINE_HIDPI_IMAGES = YES;
				INFOPLIST_FILE = Iacovino/Info.plist;
				LD_RUNPATH_SEARCH_PATHS = "$(inherited) @executable_path/../Frameworks";
				MACOSX_DEPLOYMENT_TARGET = 10.9;
				PRODUCT_NAME = Iacovino;
			};
			name = Debug;
		};
		C67DB2701AEC5B680063D933 /* Release */ = {
			isa = XCBuildConfiguration;
			buildSettings = {
				ASSETCATALOG_COMPILER_APPICON_NAME = AppIcon;
				COMBINE_HIDPI_IMAGES = YES;
				INFOPLIST_FILE = Iacovino/Info.plist;
				LD_RUNPATH_SEARCH_PATHS = "$(inherited) @executable_path/../Frameworks";
				MACOSX_DEPLOYMENT_TARGET = 10.9;
				PRODUCT_NAME = Iacovino;
			};
			name = Release;
		};
		C67DB2721AEC5B680063D933 /* Debug */ = {
			isa = XCBuildConfiguration;
			buildSettings = {
				BUNDLE_LOADER = "$(TEST_HOST)";
				COMBINE_HIDPI_IMAGES = YES;
				FRAMEWORK_SEARCH_PATHS = (
					"$(DEVELOPER_FRAMEWORKS_DIR)",
					"$(inherited)",
				);
				GCC_PREPROCESSOR_DEFINITIONS = (
					"DEBUG=1",
					"$(inherited)",
				);
				INFOPLIST_FILE = IacovinoTests/Info.plist;
				LD_RUNPATH_SEARCH_PATHS = "$(inherited) @executable_path/../Frameworks @loader_path/../Frameworks";
				PRODUCT_NAME = IacovinoTests;
			};
			name = Debug;
		};
		C67DB2731AEC5B680063D933 /* Release */ = {
			isa = XCBuildConfiguration;
			buildSettings = {
				BUNDLE_LOADER = "$(TEST_HOST)";
				COMBINE_HIDPI_IMAGES = YES;
				FRAMEWORK_SEARCH_PATHS = (
					"$(DEVELOPER_FRAMEWORKS_DIR)",
					"$(inherited)",
				);
				INFOPLIST_FILE = IacovinoTests/Info.plist;
				LD_RUNPATH_SEARCH_PATHS = "$(inherited) @executable_path/../Frameworks @loader_path/../Frameworks";
				PRODUCT_NAME = IacovinoTests;
			};
			name = Release;
		};
/* End XCBuildConfiguration section */

/* Begin XCConfigurationList section */
		C67DB24C1AEC5B670063D933 /* Build configuration list for PBXProject "Iacovino" */ = {
			isa = XCConfigurationList;
			buildConfigurations = (
				C67DB26C1AEC5B680063D933 /* Debug */,
				C67DB26D1AEC5B680063D933 /* Release */,
			);
			defaultConfigurationIsVisible = 0;
			defaultConfigurationName = Release;
		};
		C67DB26E1AEC5B680063D933 /* Build configuration list for PBXNativeTarget "Iacovino" */ = {
			isa = XCConfigurationList;
			buildConfigurations = (
				C67DB26F1AEC5B680063D933 /* Debug */,
				C67DB2701AEC5B680063D933 /* Release */,
			);
			defaultConfigurationIsVisible = 0;
			defaultConfigurationName = Release;
		};
		C67DB2711AEC5B680063D933 /* Build configuration list for PBXNativeTarget "IacovinoTests" */ = {
			isa = XCConfigurationList;
			buildConfigurations = (
				C67DB2721AEC5B680063D933 /* Debug */,
				C67DB2731AEC5B680063D933 /* Release */,
			);
			defaultConfigurationIsVisible = 0;
			defaultConfigurationName = Release;
		};
/* End XCConfigurationList section */
	};
	rootObject = C67DB2491AEC5B670063D933 /* Project object */;
}
